
Microsoft Visual Studio Solution File, Format Version 12.00
# Visual Studio Version 17
VisualStudioVersion = 17.12.35506.116 d17.12
MinimumVisualStudioVersion = 10.0.40219.1
Project("{FAE04EC0-301F-11D3-BF4B-00C04F79EFBC}") = "CalenderView_JaggedArray", "CalenderView_JaggedArray\CalenderView_JaggedArray.csproj", "{AA10A06B-69FF-4A8A-90A3-DD2757A24B6B}"
EndProject
Global
	GlobalSection(SolutionConfigurationPlatforms) = preSolution
		Debug|Any CPU = Debug|Any CPU
		Release|Any CPU = Release|Any CPU
	EndGlobalSection
	GlobalSection(ProjectConfigurationPlatforms) = postSolution
		{AA10A06B-69FF-4A8A-90A3-DD2757A24B6B}.Debug|Any CPU.ActiveCfg = Debug|Any CPU
		{AA10A06B-69FF-4A8A-90A3-DD2757A24B6B}.Debug|Any CPU.Build.0 = Debug|Any CPU
		{AA10A06B-69FF-4A8A-90A3-DD2757A24B6B}.Release|Any CPU.ActiveCfg = Release|Any CPU
		{AA10A06B-69FF-4A8A-90A3-DD2757A24B6B}.Release|Any CPU.Build.0 = Release|Any CPU
	EndGlobalSection
	GlobalSection(SolutionProperties) = preSolution
		HideSolutionNode = FALSE
	EndGlobalSection
EndGlobal
